Microsoft Visual Studio Solution File, Format Version 12.00
# Visual Studio 2013
VisualStudioVersion = 12.0.30501.0
MinimumVisualStudioVersion = 10.0.40219.1
Project("{8BC9CEB8-8B4A-11D0-8D11-00A0C91BC942}") = "fm", "fm\fm.vcxproj", "{084F2C2D-326C-493E-84FB-558E2139C926}"
EndProject
Project("{8BC9CEB8-8B4A-11D0-8D11-00A0C91BC942}") = "fm_testing", "fm_testing\fm_testing.vcxproj", "{B6526796-A174-4EDF-AF18-CA2633360B4F}"
EndProject
Project("{8BC9CEB8-8B4A-11D0-8D11-00A0C91BC942}") = "dbjptl", "fm\ptl\Ssptl.vcxproj", "{E8A7280E-AFA6-4EC6-A203-F8512361988F}"
EndProject
Project("{8BC9CEB8-8B4A-11D0-8D11-00A0C91BC942}") = "dbjcli", "dbjcli\dbjcli.vcxproj", "{CF91104C-1126-40F6-A090-B4DEDEA8BC14}"
EndProject
Global
	GlobalSection(SolutionConfigurationPlatforms) = preSolution
		Debug|Win32 = Debug|Win32
		Release|Win32 = Release|Win32
	EndGlobalSection
	GlobalSection(ProjectConfigurationPlatforms) = postSolution
		{084F2C2D-326C-493E-84FB-558E2139C926}.Debug|Win32.ActiveCfg = Debug|Win32
		{084F2C2D-326C-493E-84FB-558E2139C926}.Debug|Win32.Build.0 = Debug|Win32
		{084F2C2D-326C-493E-84FB-558E2139C926}.Release|Win32.ActiveCfg = Release|Win32
		{084F2C2D-326C-493E-84FB-558E2139C926}.Release|Win32.Build.0 = Release|Win32
		{B6526796-A174-4EDF-AF18-CA2633360B4F}.Debug|Win32.ActiveCfg = Debug|Win32
		{B6526796-A174-4EDF-AF18-CA2633360B4F}.Debug|Win32.Build.0 = Debug|Win32
		{B6526796-A174-4EDF-AF18-CA2633360B4F}.Release|Win32.ActiveCfg = Release|Win32
		{B6526796-A174-4EDF-AF18-CA2633360B4F}.Release|Win32.Build.0 = Release|Win32
		{E8A7280E-AFA6-4EC6-A203-F8512361988F}.Debug|Win32.ActiveCfg = Debug|Win32
		{E8A7280E-AFA6-4EC6-A203-F8512361988F}.Debug|Win32.Build.0 = Debug|Win32
		{E8A7280E-AFA6-4EC6-A203-F8512361988F}.Release|Win32.ActiveCfg = Release|Win32
		{E8A7280E-AFA6-4EC6-A203-F8512361988F}.Release|Win32.Build.0 = Release|Win32
		{CF91104C-1126-40F6-A090-B4DEDEA8BC14}.Debug|Win32.ActiveCfg = Debug|Win32
		{CF91104C-1126-40F6-A090-B4DEDEA8BC14}.Debug|Win32.Build.0 = Debug|Win32
		{CF91104C-1126-40F6-A090-B4DEDEA8BC14}.Release|Win32.ActiveCfg = Release|Win32
		{CF91104C-1126-40F6-A090-B4DEDEA8BC14}.Release|Win32.Build.0 = Release|Win32
	EndGlobalSection
	GlobalSection(SolutionProperties) = preSolution
		HideSolutionNode = FALSE
	EndGlobalSection
EndGlobal
