<?xml version="1.0" encoding="utf-8"?>
<Project ToolsVersion="4.0" xmlns="http://schemas.microsoft.com/developer/msbuild/2003">
  <ItemGroup>
    <Filter Include="Source Files">
      <UniqueIdentifier>{4FC737F1-C7A5-4376-A066-2A32D752A2FF}</UniqueIdentifier>
      <Extensions>cpp;c;cc;cxx;def;odl;idl;hpj;bat;asm;asmx</Extensions>
    </Filter>
    <Filter Include="Header Files">
      <UniqueIdentifier>{93995380-89BD-4b04-88EB-625FBE52EBFB}</UniqueIdentifier>
      <Extensions>h;hh;hpp;hxx;hm;inl;inc;xsd</Extensions>
    </Filter>
    <Filter Include="Resource Files">
      <UniqueIdentifier>{67DA6AB6-F800-4c08-8B7A-83BB121AAD01}</UniqueIdentifier>
      <Extensions>rc;ico;cur;bmp;dlg;rc2;rct;bin;rgs;gif;jpg;jpeg;jpe;resx;tiff;tif;png;wav;mfcribbon-ms</Extensions>
    </Filter>
  </ItemGroup>
  <ItemGroup>
    <Text Include="ReadMe.txt" />
  </ItemGroup>
  <ItemGroup>
    <ClInclude Include="stdafx.h">
      <Filter>Header Files</Filter>
    </ClInclude>
    <ClInclude Include="targetver.h">
      <Filter>Header Files</Filter>
    </ClInclude>
    <ClInclude Include="..\fm\algo.h">
      <Filter>Header Files</Filter>
    </ClInclude>
    <ClInclude Include="..\fm\cmdline.h">
      <Filter>Header Files</Filter>
    </ClInclude>
    <ClInclude Include="..\fm\com\combool.h">
      <Filter>Header Files</Filter>
    </ClInclude>
    <ClInclude Include="..\fm\com\comutils.h">
      <Filter>Header Files</Filter>
    </ClInclude>
    <ClInclude Include="..\fm\com\comvector.h">
      <Filter>Header Files</Filter>
    </ClInclude>
    <ClInclude Include="..\fm\com\dbjguid.h">
      <Filter>Header Files</Filter>
    </ClInclude>
    <ClInclude Include="..\fm\com\dbjsyscomcategory.h">
      <Filter>Header Files</Filter>
    </ClInclude>
    <ClInclude Include="..\fm\com\DispCollectionHandler.h">
      <Filter>Header Files</Filter>
    </ClInclude>
    <ClInclude Include="..\fm\com\dump_interfaces_services.h">
      <Filter>Header Files</Filter>
    </ClInclude>
    <ClInclude Include="..\fm\com\eventproxy.h">
      <Filter>Header Files</Filter>
    </ClInclude>
    <ClInclude Include="..\fm\com\filestream.h">
      <Filter>Header Files</Filter>
    </ClInclude>
    <ClInclude Include="..\fm\com\wscuser.h">
      <Filter>Header Files</Filter>
    </ClInclude>
    <ClInclude Include="..\fm\configuration.h">
      <Filter>Header Files</Filter>
    </ClInclude>
    <ClInclude Include="..\fm\dbjio.h">
      <Filter>Header Files</Filter>
    </ClInclude>
    <ClInclude Include="..\fm\doctor.h">
      <Filter>Header Files</Filter>
    </ClInclude>
    <ClInclude Include="..\fm\errortplt.h">
      <Filter>Header Files</Filter>
    </ClInclude>
    <ClInclude Include="..\fm\fact\factory.H">
      <Filter>Header Files</Filter>
    </ClInclude>
    <ClInclude Include="..\fm\fact\factorybaseimplementation.h">
      <Filter>Header Files</Filter>
    </ClInclude>
    <ClInclude Include="..\fm\fm.h">
      <Filter>Header Files</Filter>
    </ClInclude>
    <ClInclude Include="..\fm\glob.h">
      <Filter>Header Files</Filter>
    </ClInclude>
    <ClInclude Include="..\fm\hash.h">
      <Filter>Header Files</Filter>
    </ClInclude>
    <ClInclude Include="..\fm\identifiable.h">
      <Filter>Header Files</Filter>
    </ClInclude>
    <ClInclude Include="..\fm\keyvaluepair.h">
      <Filter>Header Files</Filter>
    </ClInclude>
    <ClInclude Include="..\fm\lockedcontainer.h">
      <Filter>Header Files</Filter>
    </ClInclude>
    <ClInclude Include="..\fm\locks.h">
      <Filter>Header Files</Filter>
    </ClInclude>
    <ClInclude Include="..\fm\mutex.h">
      <Filter>Header Files</Filter>
    </ClInclude>
    <ClInclude Include="..\fm\pairparser.h">
      <Filter>Header Files</Filter>
    </ClInclude>
    <ClInclude Include="..\fm\prompt.h">
      <Filter>Header Files</Filter>
    </ClInclude>
    <ClInclude Include="..\fm\ptl\PTL.H">
      <Filter>Header Files</Filter>
    </ClInclude>
    <ClInclude Include="..\fm\ptl\ptlexception.h">
      <Filter>Header Files</Filter>
    </ClInclude>
    <ClInclude Include="..\fm\ptl\PTLSTORE.H">
      <Filter>Header Files</Filter>
    </ClInclude>
    <ClInclude Include="..\fm\rciptr.h">
      <Filter>Header Files</Filter>
    </ClInclude>
    <ClInclude Include="..\fm\rcobject.h">
      <Filter>Header Files</Filter>
    </ClInclude>
    <ClInclude Include="..\fm\rcptr.h">
      <Filter>Header Files</Filter>
    </ClInclude>
    <ClInclude Include="..\fm\rcsptr.h">
      <Filter>Header Files</Filter>
    </ClInclude>
    <ClInclude Include="..\fm\statefullobject.h">
      <Filter>Header Files</Filter>
    </ClInclude>
    <ClInclude Include="..\fm\strcore.h">
      <Filter>Header Files</Filter>
    </ClInclude>
    <ClInclude Include="..\fm\threadMap.h">
      <Filter>Header Files</Filter>
    </ClInclude>
    <ClInclude Include="..\fm\timer.h">
      <Filter>Header Files</Filter>
    </ClInclude>
    <ClInclude Include="..\fm\timestamp.h">
      <Filter>Header Files</Filter>
    </ClInclude>
    <ClInclude Include="..\fm\token.h">
      <Filter>Header Files</Filter>
    </ClInclude>
    <ClInclude Include="..\fm\uid.h">
      <Filter>Header Files</Filter>
    </ClInclude>
    <ClInclude Include="..\fm\win\bstrex.h">
      <Filter>Header Files</Filter>
    </ClInclude>
    <ClInclude Include="..\fm\win\checkversion.h">
      <Filter>Header Files</Filter>
    </ClInclude>
    <ClInclude Include="..\fm\win\event.h">
      <Filter>Header Files</Filter>
    </ClInclude>
    <ClInclude Include="..\fm\win\event_log.h">
      <Filter>Header Files</Filter>
    </ClInclude>
    <ClInclude Include="..\fm\win\fileversion.h">
      <Filter>Header Files</Filter>
    </ClInclude>
    <ClInclude Include="..\fm\win\ievlog.h">
      <Filter>Header Files</Filter>
    </ClInclude>
    <ClInclude Include="..\fm\win\scmquery.h">
      <Filter>Header Files</Filter>
    </ClInclude>
    <ClInclude Include="..\fm\win\stringr.h">
      <Filter>Header Files</Filter>
    </ClInclude>
    <ClInclude Include="..\fm\win\threadlocalstorage.h">
      <Filter>Header Files</Filter>
    </ClInclude>
    <ClInclude Include="..\fm\win\win32handle.h">
      <Filter>Header Files</Filter>
    </ClInclude>
    <ClInclude Include="..\fm\wrap.h">
      <Filter>Header Files</Filter>
    </ClInclude>
  </ItemGroup>
  <ItemGroup>
    <ClCompile Include="stdafx.cpp">
      <Filter>Source Files</Filter>
    </ClCompile>
    <ClCompile Include="dbjcli.cpp">
      <Filter>Source Files</Filter>
    </ClCompile>
  </ItemGroup>
</Project>